
Microsoft Visual Studio Solution File, Format Version 12.00
# Visual Studio Version 16
VisualStudioVersion = 16.0.31624.102
MinimumVisualStudioVersion = 10.0.40219.1
Project("{8BC9CEB8-8B4A-11D0-8D11-00A0C91BC942}") = "Project1", "Project1\Project1.vcxproj", "{EB101850-AF75-4862-B2BA-79368B2B37AB}"
EndProject
Global
	GlobalSection(SolutionConfigurationPlatforms) = preSolution
		Debug|x64 = Debug|x64
		Debug|x86 = Debug|x86
		Release|x64 = Release|x64
		Release|x86 = Release|x86
	EndGlobalSection
	GlobalSection(ProjectConfigurationPlatforms) = postSolution
		{EB101850-AF75-4862-B2BA-79368B2B37AB}.Debug|x64.ActiveCfg = Debug|x64
		{EB101850-AF75-4862-B2BA-79368B2B37AB}.Debug|x64.Build.0 = Debug|x64
		{EB101850-AF75-4862-B2BA-79368B2B37AB}.Debug|x86.ActiveCfg = Debug|Win32
		{EB101850-AF75-4862-B2BA-79368B2B37AB}.Debug|x86.Build.0 = Debug|Win32
		{EB101850-AF75-4862-B2BA-79368B2B37AB}.Release|x64.ActiveCfg = Release|x64
		{EB101850-AF75-4862-B2BA-79368B2B37AB}.Release|x64.Build.0 = Release|x64
		{EB101850-AF75-4862-B2BA-79368B2B37AB}.Release|x86.ActiveCfg = Release|Win32
		{EB101850-AF75-4862-B2BA-79368B2B37AB}.Release|x86.Build.0 = Release|Win32
	EndGlobalSection
	GlobalSection(SolutionProperties) = preSolution
		HideSolutionNode = FALSE
	EndGlobalSection
	GlobalSection(ExtensibilityGlobals) = postSolution
		SolutionGuid = {C4D95056-26FD-457C-AE73-F21362DD163C}
	EndGlobalSection
EndGlobal
